
Microsoft Visual Studio Solution File, Format Version 12.00
# Visual Studio 14
VisualStudioVersion = 14.0.25420.1
MinimumVisualStudioVersion = 10.0.40219.1
Project("{FAE04EC0-301F-11D3-BF4B-00C04F79EFBC}") = "UsersKeeper.UI", "UsersKeeper.UI\UsersKeeper.UI.csproj", "{0FFAAC8E-8578-4890-B70B-EEE7EDDA2768}"
EndProject
Project("{FAE04EC0-301F-11D3-BF4B-00C04F79EFBC}") = "UsersKeeper.Logic", "UsersKeeper.Logic\UsersKeeper.Logic.csproj", "{9852C84C-3B73-4CE4-AF93-AC50FEC7A8D5}"
EndProject
Project("{FAE04EC0-301F-11D3-BF4B-00C04F79EFBC}") = "UsersKeeper.Entities", "UsersKeeper.Entities\UsersKeeper.Entities.csproj", "{19122F6C-36F1-4CB7-9675-1EF874174A9A}"
EndProject
Project("{FAE04EC0-301F-11D3-BF4B-00C04F79EFBC}") = "UsersKeeper.MemoryDal", "UsersKeeper.MemoryDal\UsersKeeper.MemoryDal.csproj", "{5A912DEB-CF79-4796-8FC3-B27D9C9234D9}"
EndProject
Project("{FAE04EC0-301F-11D3-BF4B-00C04F79EFBC}") = "UsersKeeper.FileDal", "UsersKeeper.FileDal\UsersKeeper.FileDal.csproj", "{2817473F-63D5-4DB6-994A-67579DEA1CAD}"
EndProject
Project("{FAE04EC0-301F-11D3-BF4B-00C04F79EFBC}") = "UsersKeeper.DalContracts", "UsersKeeper.DalContracts\UsersKeeper.DalContracts.csproj", "{D3C8A55A-2418-4CA7-A50C-F82D4BBD391D}"
EndProject
Project("{2150E333-8FDC-42A3-9474-1A3956D46DE8}") = "DAL", "DAL", "{A606D32F-C0A1-42C2-8BF7-C4945A917A83}"
EndProject
Project("{2150E333-8FDC-42A3-9474-1A3956D46DE8}") = "BLL", "BLL", "{0F57891A-87D4-4625-A18C-94806DD33DA1}"
EndProject
Project("{2150E333-8FDC-42A3-9474-1A3956D46DE8}") = "PL", "PL", "{6B8CE23D-B52B-4901-B084-A46A9DD132F7}"
EndProject
Project("{2150E333-8FDC-42A3-9474-1A3956D46DE8}") = "Common", "Common", "{FB7863FF-6D65-4952-A79C-8A9EBD8764CE}"
EndProject
Global
	GlobalSection(SolutionConfigurationPlatforms) = preSolution
		Debug|Any CPU = Debug|Any CPU
		Release|Any CPU = Release|Any CPU
	EndGlobalSection
	GlobalSection(ProjectConfigurationPlatforms) = postSolution
		{0FFAAC8E-8578-4890-B70B-EEE7EDDA2768}.Debug|Any CPU.ActiveCfg = Debug|Any CPU
		{0FFAAC8E-8578-4890-B70B-EEE7EDDA2768}.Debug|Any CPU.Build.0 = Debug|Any CPU
		{0FFAAC8E-8578-4890-B70B-EEE7EDDA2768}.Release|Any CPU.ActiveCfg = Release|Any CPU
		{0FFAAC8E-8578-4890-B70B-EEE7EDDA2768}.Release|Any CPU.Build.0 = Release|Any CPU
		{9852C84C-3B73-4CE4-AF93-AC50FEC7A8D5}.Debug|Any CPU.ActiveCfg = Debug|Any CPU
		{9852C84C-3B73-4CE4-AF93-AC50FEC7A8D5}.Debug|Any CPU.Build.0 = Debug|Any CPU
		{9852C84C-3B73-4CE4-AF93-AC50FEC7A8D5}.Release|Any CPU.ActiveCfg = Release|Any CPU
		{9852C84C-3B73-4CE4-AF93-AC50FEC7A8D5}.Release|Any CPU.Build.0 = Release|Any CPU
		{19122F6C-36F1-4CB7-9675-1EF874174A9A}.Debug|Any CPU.ActiveCfg = Debug|Any CPU
		{19122F6C-36F1-4CB7-9675-1EF874174A9A}.Debug|Any CPU.Build.0 = Debug|Any CPU
		{19122F6C-36F1-4CB7-9675-1EF874174A9A}.Release|Any CPU.ActiveCfg = Release|Any CPU
		{19122F6C-36F1-4CB7-9675-1EF874174A9A}.Release|Any CPU.Build.0 = Release|Any CPU
		{5A912DEB-CF79-4796-8FC3-B27D9C9234D9}.Debug|Any CPU.ActiveCfg = Debug|Any CPU
		{5A912DEB-CF79-4796-8FC3-B27D9C9234D9}.Debug|Any CPU.Build.0 = Debug|Any CPU
		{5A912DEB-CF79-4796-8FC3-B27D9C9234D9}.Release|Any CPU.ActiveCfg = Release|Any CPU
		{5A912DEB-CF79-4796-8FC3-B27D9C9234D9}.Release|Any CPU.Build.0 = Release|Any CPU
		{2817473F-63D5-4DB6-994A-67579DEA1CAD}.Debug|Any CPU.ActiveCfg = Debug|Any CPU
		{2817473F-63D5-4DB6-994A-67579DEA1CAD}.Debug|Any CPU.Build.0 = Debug|Any CPU
		{2817473F-63D5-4DB6-994A-67579DEA1CAD}.Release|Any CPU.ActiveCfg = Release|Any CPU
		{2817473F-63D5-4DB6-994A-67579DEA1CAD}.Release|Any CPU.Build.0 = Release|Any CPU
		{D3C8A55A-2418-4CA7-A50C-F82D4BBD391D}.Debug|Any CPU.ActiveCfg = Debug|Any CPU
		{D3C8A55A-2418-4CA7-A50C-F82D4BBD391D}.Debug|Any CPU.Build.0 = Debug|Any CPU
		{D3C8A55A-2418-4CA7-A50C-F82D4BBD391D}.Release|Any CPU.ActiveCfg = Release|Any CPU
		{D3C8A55A-2418-4CA7-A50C-F82D4BBD391D}.Release|Any CPU.Build.0 = Release|Any CPU
	EndGlobalSection
	GlobalSection(SolutionProperties) = preSolution
		HideSolutionNode = FALSE
	EndGlobalSection
	GlobalSection(NestedProjects) = preSolution
		{0FFAAC8E-8578-4890-B70B-EEE7EDDA2768} = {6B8CE23D-B52B-4901-B084-A46A9DD132F7}
		{9852C84C-3B73-4CE4-AF93-AC50FEC7A8D5} = {0F57891A-87D4-4625-A18C-94806DD33DA1}
		{19122F6C-36F1-4CB7-9675-1EF874174A9A} = {FB7863FF-6D65-4952-A79C-8A9EBD8764CE}
		{5A912DEB-CF79-4796-8FC3-B27D9C9234D9} = {A606D32F-C0A1-42C2-8BF7-C4945A917A83}
		{2817473F-63D5-4DB6-994A-67579DEA1CAD} = {A606D32F-C0A1-42C2-8BF7-C4945A917A83}
		{D3C8A55A-2418-4CA7-A50C-F82D4BBD391D} = {A606D32F-C0A1-42C2-8BF7-C4945A917A83}
	EndGlobalSection
EndGlobal
